// !$*UTF8*$!
{
	archiveVersion = 1;
	classes = {
	};
	objectVersion = 46;
	objects = {

/* Begin PBXBuildFile section */
		2C0CBA8FD1DCD437427C70B0 /* Pods_Event_App.framework in Frameworks */ = {isa = PBXBuildFile; fileRef = E90D90544C5C0ABCB07D16BE /* Pods_Event_App.framework */; };
		DA2624751E871AAC003C3FE9 /* FSCalendarViewController.swift in Sources */ = {isa = PBXBuildFile; fileRef = DA2624741E871AAC003C3FE9 /* FSCalendarViewController.swift */; };
		DA2624981E871C4B003C3FE9 /* FSCalendar.m in Sources */ = {isa = PBXBuildFile; fileRef = DA2624791E871C4B003C3FE9 /* FSCalendar.m */; };
		DA2624991E871C4B003C3FE9 /* FSCalendarAppearance.m in Sources */ = {isa = PBXBuildFile; fileRef = DA26247B1E871C4B003C3FE9 /* FSCalendarAppearance.m */; };
		DA26249A1E871C4B003C3FE9 /* FSCalendarCell.m in Sources */ = {isa = PBXBuildFile; fileRef = DA26247D1E871C4B003C3FE9 /* FSCalendarCell.m */; };
		DA26249B1E871C4B003C3FE9 /* FSCalendarCollectionView.m in Sources */ = {isa = PBXBuildFile; fileRef = DA26247F1E871C4B003C3FE9 /* FSCalendarCollectionView.m */; };
		DA26249C1E871C4B003C3FE9 /* FSCalendarCollectionViewLayout.m in Sources */ = {isa = PBXBuildFile; fileRef = DA2624811E871C4B003C3FE9 /* FSCalendarCollectionViewLayout.m */; };
		DA26249D1E871C4B003C3FE9 /* FSCalendarHeaderView.m in Sources */ = {isa = PBXBuildFile; fileRef = DA2624831E871C4B003C3FE9 /* FSCalendarHeaderView.m */; };
		DA26249E1E871C4B003C3FE9 /* FSCalendarScopeHandle.m in Sources */ = {isa = PBXBuildFile; fileRef = DA2624851E871C4B003C3FE9 /* FSCalendarScopeHandle.m */; };
		DA26249F1E871C4B003C3FE9 /* FSCalendarStickyHeader.m in Sources */ = {isa = PBXBuildFile; fileRef = DA2624871E871C4B003C3FE9 /* FSCalendarStickyHeader.m */; };
		DA2624A01E871C4B003C3FE9 /* FSCalendarWeekdayView.m in Sources */ = {isa = PBXBuildFile; fileRef = DA2624891E871C4B003C3FE9 /* FSCalendarWeekdayView.m */; };
		DA2624A11E871C4B003C3FE9 /* FSCalendarTransitionCoordinator.m in Sources */ = {isa = PBXBuildFile; fileRef = DA26248B1E871C4B003C3FE9 /* FSCalendarTransitionCoordinator.m */; };
		DA2624A21E871C4B003C3FE9 /* FSCalendarCalculator.m in Sources */ = {isa = PBXBuildFile; fileRef = DA26248D1E871C4B003C3FE9 /* FSCalendarCalculator.m */; };
		DA2624A31E871C4B003C3FE9 /* FSCalendarConstants.m in Sources */ = {isa = PBXBuildFile; fileRef = DA26248F1E871C4B003C3FE9 /* FSCalendarConstants.m */; };
		DA2624A41E871C4B003C3FE9 /* FSCalendarDelegationFactory.m in Sources */ = {isa = PBXBuildFile; fileRef = DA2624911E871C4B003C3FE9 /* FSCalendarDelegationFactory.m */; };
		DA2624A51E871C4B003C3FE9 /* FSCalendarDelegationProxy.m in Sources */ = {isa = PBXBuildFile; fileRef = DA2624931E871C4B003C3FE9 /* FSCalendarDelegationProxy.m */; };
		DA2624A61E871C4B003C3FE9 /* FSCalendarExtensions.m in Sources */ = {isa = PBXBuildFile; fileRef = DA2624961E871C4B003C3FE9 /* FSCalendarExtensions.m */; };
		DA2624A71E871C4B003C3FE9 /* FSCalendar+Deprecated.m in Sources */ = {isa = PBXBuildFile; fileRef = DA2624971E871C4B003C3FE9 /* FSCalendar+Deprecated.m */; };
		DA2624B51E882956003C3FE9 /* first.png in Resources */ = {isa = PBXBuildFile; fileRef = DA2624B41E882956003C3FE9 /* first.png */; };
		DA2624B71E8835EC003C3FE9 /* Variables.swift in Sources */ = {isa = PBXBuildFile; fileRef = DA2624B61E8835EC003C3FE9 /* Variables.swift */; };
		DA49BBFB1E86D9A100C3D475 /* AppDelegate.swift in Sources */ = {isa = PBXBuildFile; fileRef = DA49BBFA1E86D9A100C3D475 /* AppDelegate.swift */; };
		DA49BBFD1E86D9A100C3D475 /* ViewController.swift in Sources */ = {isa = PBXBuildFile; fileRef = DA49BBFC1E86D9A100C3D475 /* ViewController.swift */; };
		DA49BC001E86D9A100C3D475 /* Main.storyboard in Resources */ = {isa = PBXBuildFile; fileRef = DA49BBFE1E86D9A100C3D475 /* Main.storyboard */; };
		DA49BC031E86D9A100C3D475 /* Event_App.xcdatamodeld in Sources */ = {isa = PBXBuildFile; fileRef = DA49BC011E86D9A100C3D475 /* Event_App.xcdatamodeld */; };
		DA49BC051E86D9A100C3D475 /* Assets.xcassets in Resources */ = {isa = PBXBuildFile; fileRef = DA49BC041E86D9A100C3D475 /* Assets.xcassets */; };
		DA49BC081E86D9A100C3D475 /* LaunchScreen.storyboard in Resources */ = {isa = PBXBuildFile; fileRef = DA49BC061E86D9A100C3D475 /* LaunchScreen.storyboard */; };
		DA49BC131E86D9A100C3D475 /* Event_AppTests.swift in Sources */ = {isa = PBXBuildFile; fileRef = DA49BC121E86D9A100C3D475 /* Event_AppTests.swift */; };
		DA49BC1E1E86D9A100C3D475 /* Event_AppUITests.swift in Sources */ = {isa = PBXBuildFile; fileRef = DA49BC1D1E86D9A100C3D475 /* Event_AppUITests.swift */; };
		DA49BC2C1E86D9D800C3D475 /* AddEventViewController.swift in Sources */ = {isa = PBXBuildFile; fileRef = DA49BC2B1E86D9D800C3D475 /* AddEventViewController.swift */; };
		DA49BC301E86EA9C00C3D475 /* CellView.xib in Resources */ = {isa = PBXBuildFile; fileRef = DA49BC2F1E86EA9C00C3D475 /* CellView.xib */; };
		DA49BC321E86EB6500C3D475 /* CellView.swift in Sources */ = {isa = PBXBuildFile; fileRef = DA49BC311E86EB6500C3D475 /* CellView.swift */; };
		DA49BC341E86EC5000C3D475 /* CalendarViewController.swift in Sources */ = {isa = PBXBuildFile; fileRef = DA49BC331E86EC5000C3D475 /* CalendarViewController.swift */; };
/* End PBXBuildFile section */

/* Begin PBXContainerItemProxy section */
		DA49BC0F1E86D9A100C3D475 /* PBXContainerItemProxy */ = {
			isa = PBXContainerItemProxy;
			containerPortal = DA49BBEF1E86D9A000C3D475 /* Project object */;
			proxyType = 1;
			remoteGlobalIDString = DA49BBF61E86D9A000C3D475;
			remoteInfo = "Event App";
		};
		DA49BC1A1E86D9A100C3D475 /* PBXContainerItemProxy */ = {
			isa = PBXContainerItemProxy;
			containerPortal = DA49BBEF1E86D9A000C3D475 /* Project object */;
			proxyType = 1;
			remoteGlobalIDString = DA49BBF61E86D9A000C3D475;
			remoteInfo = "Event App";
		};
/* End PBXContainerItemProxy section */

/* Begin PBXFileReference section */
		78F08941E0369BB090FDFAF5 /* Pods-Event App.debug.xcconfig */ = {isa = PBXFileReference; includeInIndex = 1; lastKnownFileType = text.xcconfig; name = "Pods-Event App.debug.xcconfig"; path = "Pods/Target Support Files/Pods-Event App/Pods-Event App.debug.xcconfig"; sourceTree = "<group>"; };
		DA2624741E871AAC003C3FE9 /* FSCalendarViewController.swift */ = {isa = PBXFileReference; fileEncoding = 4; lastKnownFileType = sourcecode.swift; path = FSCalendarViewController.swift; sourceTree = "<group>"; };
		DA2624761E871B0E003C3FE9 /* Bridging-Header.h */ = {isa = PBXFileReference; lastKnownFileType = sourcecode.c.h; name = "Bridging-Header.h"; path = "../Bridging-Header.h"; sourceTree = "<group>"; };
		DA2624781E871C4B003C3FE9 /* FSCalendar.h */ = {isa = PBXFileReference; fileEncoding = 4; lastKnownFileType = sourcecode.c.h; path = FSCalendar.h; sourceTree = "<group>"; };
		DA2624791E871C4B003C3FE9 /* FSCalendar.m */ = {isa = PBXFileReference; fileEncoding = 4; lastKnownFileType = sourcecode.c.objc; path = FSCalendar.m; sourceTree = "<group>"; };
		DA26247A1E871C4B003C3FE9 /* FSCalendarAppearance.h */ = {isa = PBXFileReference; fileEncoding = 4; lastKnownFileType = sourcecode.c.h; path = FSCalendarAppearance.h; sourceTree = "<group>"; };
		DA26247B1E871C4B003C3FE9 /* FSCalendarAppearance.m */ = {isa = PBXFileReference; fileEncoding = 4; lastKnownFileType = sourcecode.c.objc; path = FSCalendarAppearance.m; sourceTree = "<group>"; };
		DA26247C1E871C4B003C3FE9 /* FSCalendarCell.h */ = {isa = PBXFileReference; fileEncoding = 4; lastKnownFileType = sourcecode.c.h; path = FSCalendarCell.h; sourceTree = "<group>"; };
		DA26247D1E871C4B003C3FE9 /* FSCalendarCell.m */ = {isa = PBXFileReference; fileEncoding = 4; lastKnownFileType = sourcecode.c.objc; path = FSCalendarCell.m; sourceTree = "<group>"; };
		DA26247E1E871C4B003C3FE9 /* FSCalendarCollectionView.h */ = {isa = PBXFileReference; fileEncoding = 4; lastKnownFileType = sourcecode.c.h; path = FSCalendarCollectionView.h; sourceTree = "<group>"; };
		DA26247F1E871C4B003C3FE9 /* FSCalendarCollectionView.m */ = {isa = PBXFileReference; fileEncoding = 4; lastKnownFileType = sourcecode.c.objc; path = FSCalendarCollectionView.m; sourceTree = "<group>"; };
		DA2624801E871C4B003C3FE9 /* FSCalendarCollectionViewLayout.h */ = {isa = PBXFileReference; fileEncoding = 4; lastKnownFileType = sourcecode.c.h; path = FSCalendarCollectionViewLayout.h; sourceTree = "<group>"; };
		DA2624811E871C4B003C3FE9 /* FSCalendarCollectionViewLayout.m */ = {isa = PBXFileReference; fileEncoding = 4; lastKnownFileType = sourcecode.c.objc; path = FSCalendarCollectionViewLayout.m; sourceTree = "<group>"; };
		DA2624821E871C4B003C3FE9 /* FSCalendarHeaderView.h */ = {isa = PBXFileReference; fileEncoding = 4; lastKnownFileType = sourcecode.c.h; path = FSCalendarHeaderView.h; sourceTree = "<group>"; };
		DA2624831E871C4B003C3FE9 /* FSCalendarHeaderView.m */ = {isa = PBXFileReference; fileEncoding = 4; lastKnownFileType = sourcecode.c.objc; path = FSCalendarHeaderView.m; sourceTree = "<group>"; };
		DA2624841E871C4B003C3FE9 /* FSCalendarScopeHandle.h */ = {isa = PBXFileReference; fileEncoding = 4; lastKnownFileType = sourcecode.c.h; path = FSCalendarScopeHandle.h; sourceTree = "<group>"; };
		DA2624851E871C4B003C3FE9 /* FSCalendarScopeHandle.m */ = {isa = PBXFileReference; fileEncoding = 4; lastKnownFileType = sourcecode.c.objc; path = FSCalendarScopeHandle.m; sourceTree = "<group>"; };
		DA2624861E871C4B003C3FE9 /* FSCalendarStickyHeader.h */ = {isa = PBXFileReference; fileEncoding = 4; lastKnownFileType = sourcecode.c.h; path = FSCalendarStickyHeader.h; sourceTree = "<group>"; };
		DA2624871E871C4B003C3FE9 /* FSCalendarStickyHeader.m */ = {isa = PBXFileReference; fileEncoding = 4; lastKnownFileType = sourcecode.c.objc; path = FSCalendarStickyHeader.m; sourceTree = "<group>"; };
		DA2624881E871C4B003C3FE9 /* FSCalendarWeekdayView.h */ = {isa = PBXFileReference; fileEncoding = 4; lastKnownFileType = sourcecode.c.h; path = FSCalendarWeekdayView.h; sourceTree = "<group>"; };
		DA2624891E871C4B003C3FE9 /* FSCalendarWeekdayView.m */ = {isa = PBXFileReference; fileEncoding = 4; lastKnownFileType = sourcecode.c.objc; path = FSCalendarWeekdayView.m; sourceTree = "<group>"; };
		DA26248A1E871C4B003C3FE9 /* FSCalendarTransitionCoordinator.h */ = {isa = PBXFileReference; fileEncoding = 4; lastKnownFileType = sourcecode.c.h; path = FSCalendarTransitionCoordinator.h; sourceTree = "<group>"; };
		DA26248B1E871C4B003C3FE9 /* FSCalendarTransitionCoordinator.m */ = {isa = PBXFileReference; fileEncoding = 4; lastKnownFileType = sourcecode.c.objc; path = FSCalendarTransitionCoordinator.m; sourceTree = "<group>"; };
		DA26248C1E871C4B003C3FE9 /* FSCalendarCalculator.h */ = {isa = PBXFileReference; fileEncoding = 4; lastKnownFileType = sourcecode.c.h; path = FSCalendarCalculator.h; sourceTree = "<group>"; };
		DA26248D1E871C4B003C3FE9 /* FSCalendarCalculator.m */ = {isa = PBXFileReference; fileEncoding = 4; lastKnownFileType = sourcecode.c.objc; path = FSCalendarCalculator.m; sourceTree = "<group>"; };
		DA26248E1E871C4B003C3FE9 /* FSCalendarConstants.h */ = {isa = PBXFileReference; fileEncoding = 4; lastKnownFileType = sourcecode.c.h; path = FSCalendarConstants.h; sourceTree = "<group>"; };
		DA26248F1E871C4B003C3FE9 /* FSCalendarConstants.m */ = {isa = PBXFileReference; fileEncoding = 4; lastKnownFileType = sourcecode.c.objc; path = FSCalendarConstants.m; sourceTree = "<group>"; };
		DA2624901E871C4B003C3FE9 /* FSCalendarDelegationFactory.h */ = {isa = PBXFileReference; fileEncoding = 4; lastKnownFileType = sourcecode.c.h; path = FSCalendarDelegationFactory.h; sourceTree = "<group>"; };
		DA2624911E871C4B003C3FE9 /* FSCalendarDelegationFactory.m */ = {isa = PBXFileReference; fileEncoding = 4; lastKnownFileType = sourcecode.c.objc; path = FSCalendarDelegationFactory.m; sourceTree = "<group>"; };
		DA2624921E871C4B003C3FE9 /* FSCalendarDelegationProxy.h */ = {isa = PBXFileReference; fileEncoding = 4; lastKnownFileType = sourcecode.c.h; path = FSCalendarDelegationProxy.h; sourceTree = "<group>"; };
		DA2624931E871C4B003C3FE9 /* FSCalendarDelegationProxy.m */ = {isa = PBXFileReference; fileEncoding = 4; lastKnownFileType = sourcecode.c.objc; path = FSCalendarDelegationProxy.m; sourceTree = "<group>"; };
		DA2624941E871C4B003C3FE9 /* FSCalendarDynamicHeader.h */ = {isa = PBXFileReference; fileEncoding = 4; lastKnownFileType = sourcecode.c.h; path = FSCalendarDynamicHeader.h; sourceTree = "<group>"; };
		DA2624951E871C4B003C3FE9 /* FSCalendarExtensions.h */ = {isa = PBXFileReference; fileEncoding = 4; lastKnownFileType = sourcecode.c.h; path = FSCalendarExtensions.h; sourceTree = "<group>"; };
		DA2624961E871C4B003C3FE9 /* FSCalendarExtensions.m */ = {isa = PBXFileReference; fileEncoding = 4; lastKnownFileType = sourcecode.c.objc; path = FSCalendarExtensions.m; sourceTree = "<group>"; };
		DA2624971E871C4B003C3FE9 /* FSCalendar+Deprecated.m */ = {isa = PBXFileReference; fileEncoding = 4; lastKnownFileType = sourcecode.c.objc; path = "FSCalendar+Deprecated.m"; sourceTree = "<group>"; };
		DA2624B41E882956003C3FE9 /* first.png */ = {isa = PBXFileReference; lastKnownFileType = image.png; path = first.png; sourceTree = "<group>"; };
		DA2624B61E8835EC003C3FE9 /* Variables.swift */ = {isa = PBXFileReference; fileEncoding = 4; lastKnownFileType = sourcecode.swift; path = Variables.swift; sourceTree = "<group>"; };
		DA49BBF71E86D9A100C3D475 /* Event App.app */ = {isa = PBXFileReference; explicitFileType = wrapper.application; includeInIndex = 0; path = "Event App.app"; sourceTree = BUILT_PRODUCTS_DIR; };
		DA49BBFA1E86D9A100C3D475 /* AppDelegate.swift */ = {isa = PBXFileReference; lastKnownFileType = sourcecode.swift; path = AppDelegate.swift; sourceTree = "<group>"; };
		DA49BBFC1E86D9A100C3D475 /* ViewController.swift */ = {isa = PBXFileReference; lastKnownFileType = sourcecode.swift; path = ViewController.swift; sourceTree = "<group>"; };
		DA49BBFF1E86D9A100C3D475 /* Base */ = {isa = PBXFileReference; lastKnownFileType = file.storyboard; name = Base; path = Base.lproj/Main.storyboard; sourceTree = "<group>"; };
		DA49BC021E86D9A100C3D475 /* Event_App.xcdatamodel */ = {isa = PBXFileReference; lastKnownFileType = wrapper.xcdatamodel; path = Event_App.xcdatamodel; sourceTree = "<group>"; };
		DA49BC041E86D9A100C3D475 /* Assets.xcassets */ = {isa = PBXFileReference; lastKnownFileType = folder.assetcatalog; path = Assets.xcassets; sourceTree = "<group>"; };
		DA49BC071E86D9A100C3D475 /* Base */ = {isa = PBXFileReference; lastKnownFileType = file.storyboard; name = Base; path = Base.lproj/LaunchScreen.storyboard; sourceTree = "<group>"; };
		DA49BC091E86D9A100C3D475 /* Info.plist */ = {isa = PBXFileReference; lastKnownFileType = text.plist.xml; path = Info.plist; sourceTree = "<group>"; };
		DA49BC0E1E86D9A100C3D475 /* Event AppTests.xctest */ = {isa = PBXFileReference; explicitFileType = wrapper.cfbundle; includeInIndex = 0; path = "Event AppTests.xctest"; sourceTree = BUILT_PRODUCTS_DIR; };
		DA49BC121E86D9A100C3D475 /* Event_AppTests.swift */ = {isa = PBXFileReference; lastKnownFileType = sourcecode.swift; path = Event_AppTests.swift; sourceTree = "<group>"; };
		DA49BC141E86D9A100C3D475 /* Info.plist */ = {isa = PBXFileReference; lastKnownFileType = text.plist.xml; path = Info.plist; sourceTree = "<group>"; };
		DA49BC191E86D9A100C3D475 /* Event AppUITests.xctest */ = {isa = PBXFileReference; explicitFileType = wrapper.cfbundle; includeInIndex = 0; path = "Event AppUITests.xctest"; sourceTree = BUILT_PRODUCTS_DIR; };
		DA49BC1D1E86D9A100C3D475 /* Event_AppUITests.swift */ = {isa = PBXFileReference; lastKnownFileType = sourcecode.swift; path = Event_AppUITests.swift; sourceTree = "<group>"; };
		DA49BC1F1E86D9A100C3D475 /* Info.plist */ = {isa = PBXFileReference; lastKnownFileType = text.plist.xml; path = Info.plist; sourceTree = "<group>"; };
		DA49BC2B1E86D9D800C3D475 /* AddEventViewController.swift */ = {isa = PBXFileReference; fileEncoding = 4; lastKnownFileType = sourcecode.swift; path = AddEventViewController.swift; sourceTree = "<group>"; };
		DA49BC2F1E86EA9C00C3D475 /* CellView.xib */ = {isa = PBXFileReference; fileEncoding = 4; lastKnownFileType = file.xib; path = CellView.xib; sourceTree = "<group>"; };
		DA49BC311E86EB6500C3D475 /* CellView.swift */ = {isa = PBXFileReference; fileEncoding = 4; lastKnownFileType = sourcecode.swift; path = CellView.swift; sourceTree = "<group>"; };
		DA49BC331E86EC5000C3D475 /* CalendarViewController.swift */ = {isa = PBXFileReference; fileEncoding = 4; lastKnownFileType = sourcecode.swift; path = CalendarViewController.swift; sourceTree = "<group>"; };
		E4C65D76C350A9D00DCC0A5B /* Pods-Event App.release.xcconfig */ = {isa = PBXFileReference; includeInIndex = 1; lastKnownFileType = text.xcconfig; name = "Pods-Event App.release.xcconfig"; path = "Pods/Target Support Files/Pods-Event App/Pods-Event App.release.xcconfig"; sourceTree = "<group>"; };
		E90D90544C5C0ABCB07D16BE /* Pods_Event_App.framework */ = {isa = PBXFileReference; explicitFileType = wrapper.framework; includeInIndex = 0; path = Pods_Event_App.framework; sourceTree = BUILT_PRODUCTS_DIR; };
/* End PBXFileReference section */

/* Begin PBXFrameworksBuildPhase section */
		DA49BBF41E86D9A000C3D475 /* Frameworks */ = {
			isa = PBXFrameworksBuildPhase;
			buildActionMask = 2147483647;
			files = (
				2C0CBA8FD1DCD437427C70B0 /* Pods_Event_App.framework in Frameworks */,
			);
			runOnlyForDeploymentPostprocessing = 0;
		};
		DA49BC0B1E86D9A100C3D475 /* Frameworks */ = {
			isa = PBXFrameworksBuildPhase;
			buildActionMask = 2147483647;
			files = (
			);
			runOnlyForDeploymentPostprocessing = 0;
		};
		DA49BC161E86D9A100C3D475 /* Frameworks */ = {
			isa = PBXFrameworksBuildPhase;
			buildActionMask = 2147483647;
			files = (
			);
			runOnlyForDeploymentPostprocessing = 0;
		};
/* End PBXFrameworksBuildPhase section */

/* Begin PBXGroup section */
		7AE4BE72545410A60C4727ED /* Frameworks */ = {
			isa = PBXGroup;
			children = (
				E90D90544C5C0ABCB07D16BE /* Pods_Event_App.framework */,
			);
			name = Frameworks;
			sourceTree = "<group>";
		};
		DA2624771E871C37003C3FE9 /* FSCalendar */ = {
			isa = PBXGroup;
			children = (
				DA2624781E871C4B003C3FE9 /* FSCalendar.h */,
				DA2624791E871C4B003C3FE9 /* FSCalendar.m */,
				DA26247A1E871C4B003C3FE9 /* FSCalendarAppearance.h */,
				DA26247B1E871C4B003C3FE9 /* FSCalendarAppearance.m */,
				DA26247C1E871C4B003C3FE9 /* FSCalendarCell.h */,
				DA26247D1E871C4B003C3FE9 /* FSCalendarCell.m */,
				DA26247E1E871C4B003C3FE9 /* FSCalendarCollectionView.h */,
				DA26247F1E871C4B003C3FE9 /* FSCalendarCollectionView.m */,
				DA2624801E871C4B003C3FE9 /* FSCalendarCollectionViewLayout.h */,
				DA2624811E871C4B003C3FE9 /* FSCalendarCollectionViewLayout.m */,
				DA2624821E871C4B003C3FE9 /* FSCalendarHeaderView.h */,
				DA2624831E871C4B003C3FE9 /* FSCalendarHeaderView.m */,
				DA2624841E871C4B003C3FE9 /* FSCalendarScopeHandle.h */,
				DA2624851E871C4B003C3FE9 /* FSCalendarScopeHandle.m */,
				DA2624861E871C4B003C3FE9 /* FSCalendarStickyHeader.h */,
				DA2624871E871C4B003C3FE9 /* FSCalendarStickyHeader.m */,
				DA2624881E871C4B003C3FE9 /* FSCalendarWeekdayView.h */,
				DA2624891E871C4B003C3FE9 /* FSCalendarWeekdayView.m */,
				DA26248A1E871C4B003C3FE9 /* FSCalendarTransitionCoordinator.h */,
				DA26248B1E871C4B003C3FE9 /* FSCalendarTransitionCoordinator.m */,
				DA26248C1E871C4B003C3FE9 /* FSCalendarCalculator.h */,
				DA26248D1E871C4B003C3FE9 /* FSCalendarCalculator.m */,
				DA26248E1E871C4B003C3FE9 /* FSCalendarConstants.h */,
				DA26248F1E871C4B003C3FE9 /* FSCalendarConstants.m */,
				DA2624901E871C4B003C3FE9 /* FSCalendarDelegationFactory.h */,
				DA2624911E871C4B003C3FE9 /* FSCalendarDelegationFactory.m */,
				DA2624921E871C4B003C3FE9 /* FSCalendarDelegationProxy.h */,
				DA2624931E871C4B003C3FE9 /* FSCalendarDelegationProxy.m */,
				DA2624941E871C4B003C3FE9 /* FSCalendarDynamicHeader.h */,
				DA2624951E871C4B003C3FE9 /* FSCalendarExtensions.h */,
				DA2624961E871C4B003C3FE9 /* FSCalendarExtensions.m */,
				DA2624971E871C4B003C3FE9 /* FSCalendar+Deprecated.m */,
			);
			name = FSCalendar;
			sourceTree = "<group>";
		};
		DA2624B31E876F19003C3FE9 /* CoreData */ = {
			isa = PBXGroup;
			children = (
			);
			name = CoreData;
			sourceTree = "<group>";
		};
		DA49BBEE1E86D9A000C3D475 = {
			isa = PBXGroup;
			children = (
				DA49BBF91E86D9A100C3D475 /* Event App */,
				DA49BC111E86D9A100C3D475 /* Event AppTests */,
				DA49BC1C1E86D9A100C3D475 /* Event AppUITests */,
				DA49BBF81E86D9A100C3D475 /* Products */,
				E1EB955AD43A2403F8EA0604 /* Pods */,
				7AE4BE72545410A60C4727ED /* Frameworks */,
			);
			sourceTree = "<group>";
		};
		DA49BBF81E86D9A100C3D475 /* Products */ = {
			isa = PBXGroup;
			children = (
				DA49BBF71E86D9A100C3D475 /* Event App.app */,
				DA49BC0E1E86D9A100C3D475 /* Event AppTests.xctest */,
				DA49BC191E86D9A100C3D475 /* Event AppUITests.xctest */,
			);
			name = Products;
			sourceTree = "<group>";
		};
		DA49BBF91E86D9A100C3D475 /* Event App */ = {
			isa = PBXGroup;
			children = (
				DA2624761E871B0E003C3FE9 /* Bridging-Header.h */,
				DA49BBFA1E86D9A100C3D475 /* AppDelegate.swift */,
				DA49BBFC1E86D9A100C3D475 /* ViewController.swift */,
				DA49BC2B1E86D9D800C3D475 /* AddEventViewController.swift */,
				DA2624B61E8835EC003C3FE9 /* Variables.swift */,
				DA2624B31E876F19003C3FE9 /* CoreData */,
				DA49BC2E1E86EA7400C3D475 /* CalendarFiles */,
				DA49BBFE1E86D9A100C3D475 /* Main.storyboard */,
				DA49BC041E86D9A100C3D475 /* Assets.xcassets */,
				DA2624B41E882956003C3FE9 /* first.png */,
				DA49BC061E86D9A100C3D475 /* LaunchScreen.storyboard */,
				DA49BC091E86D9A100C3D475 /* Info.plist */,
				DA49BC011E86D9A100C3D475 /* Event_App.xcdatamodeld */,
			);
			path = "Event App";
			sourceTree = "<group>";
		};
		DA49BC111E86D9A100C3D475 /* Event AppTests */ = {
			isa = PBXGroup;
			children = (
				DA49BC121E86D9A100C3D475 /* Event_AppTests.swift */,
				DA49BC141E86D9A100C3D475 /* Info.plist */,
			);
			path = "Event AppTests";
			sourceTree = "<group>";
		};
		DA49BC1C1E86D9A100C3D475 /* Event AppUITests */ = {
			isa = PBXGroup;
			children = (
				DA49BC1D1E86D9A100C3D475 /* Event_AppUITests.swift */,
				DA49BC1F1E86D9A100C3D475 /* Info.plist */,
			);
			path = "Event AppUITests";
			sourceTree = "<group>";
		};
		DA49BC2E1E86EA7400C3D475 /* CalendarFiles */ = {
			isa = PBXGroup;
			children = (
				DA2624771E871C37003C3FE9 /* FSCalendar */,
				DA2624741E871AAC003C3FE9 /* FSCalendarViewController.swift */,
				DA49BC2F1E86EA9C00C3D475 /* CellView.xib */,
				DA49BC311E86EB6500C3D475 /* CellView.swift */,
				DA49BC331E86EC5000C3D475 /* CalendarViewController.swift */,
			);
			name = CalendarFiles;
			sourceTree = "<group>";
		};
		E1EB955AD43A2403F8EA0604 /* Pods */ = {
			isa = PBXGroup;
			children = (
				78F08941E0369BB090FDFAF5 /* Pods-Event App.debug.xcconfig */,
				E4C65D76C350A9D00DCC0A5B /* Pods-Event App.release.xcconfig */,
			);
			name = Pods;
			sourceTree = "<group>";
		};
/* End PBXGroup section */

/* Begin PBXNativeTarget section */
		DA49BBF61E86D9A000C3D475 /* Event App */ = {
			isa = PBXNativeTarget;
			buildConfigurationList = DA49BC221E86D9A100C3D475 /* Build configuration list for PBXNativeTarget "Event App" */;
			buildPhases = (
				85E0102785351F9A80C34282 /* [CP] Check Pods Manifest.lock */,
				DA49BBF31E86D9A000C3D475 /* Sources */,
				DA49BBF41E86D9A000C3D475 /* Frameworks */,
				DA49BBF51E86D9A000C3D475 /* Resources */,
				0891228A2D284C25B7C229B7 /* [CP] Embed Pods Frameworks */,
				356DB170CAB905233BD819CA /* [CP] Copy Pods Resources */,
			);
			buildRules = (
			);
			dependencies = (
			);
			name = "Event App";
			productName = "Event App";
			productReference = DA49BBF71E86D9A100C3D475 /* Event App.app */;
			productType = "com.apple.product-type.application";
		};
		DA49BC0D1E86D9A100C3D475 /* Event AppTests */ = {
			isa = PBXNativeTarget;
			buildConfigurationList = DA49BC251E86D9A100C3D475 /* Build configuration list for PBXNativeTarget "Event AppTests" */;
			buildPhases = (
				DA49BC0A1E86D9A100C3D475 /* Sources */,
				DA49BC0B1E86D9A100C3D475 /* Frameworks */,
				DA49BC0C1E86D9A100C3D475 /* Resources */,
			);
			buildRules = (
			);
			dependencies = (
				DA49BC101E86D9A100C3D475 /* PBXTargetDependency */,
			);
			name = "Event AppTests";
			productName = "Event AppTests";
			productReference = DA49BC0E1E86D9A100C3D475 /* Event AppTests.xctest */;
			productType = "com.apple.product-type.bundle.unit-test";
		};
		DA49BC181E86D9A100C3D475 /* Event AppUITests */ = {
			isa = PBXNativeTarget;
			buildConfigurationList = DA49BC281E86D9A100C3D475 /* Build configuration list for PBXNativeTarget "Event AppUITests" */;
			buildPhases = (
				DA49BC151E86D9A100C3D475 /* Sources */,
				DA49BC161E86D9A100C3D475 /* Frameworks */,
				DA49BC171E86D9A100C3D475 /* Resources */,
			);
			buildRules = (
			);
			dependencies = (
				DA49BC1B1E86D9A100C3D475 /* PBXTargetDependency */,
			);
			name = "Event AppUITests";
			productName = "Event AppUITests";
			productReference = DA49BC191E86D9A100C3D475 /* Event AppUITests.xctest */;
			productType = "com.apple.product-type.bundle.ui-testing";
		};
/* End PBXNativeTarget section */

/* Begin PBXProject section */
		DA49BBEF1E86D9A000C3D475 /* Project object */ = {
			isa = PBXProject;
			attributes = {
				LastSwiftUpdateCheck = 0820;
				LastUpgradeCheck = 0820;
				ORGANIZATIONNAME = Harloch;
				TargetAttributes = {
					DA49BBF61E86D9A000C3D475 = {
						CreatedOnToolsVersion = 8.2.1;
						DevelopmentTeam = RMJRBRADWG;
						ProvisioningStyle = Automatic;
					};
					DA49BC0D1E86D9A100C3D475 = {
						CreatedOnToolsVersion = 8.2.1;
						DevelopmentTeam = BKZL537TDS;
						ProvisioningStyle = Automatic;
						TestTargetID = DA49BBF61E86D9A000C3D475;
					};
					DA49BC181E86D9A100C3D475 = {
						CreatedOnToolsVersion = 8.2.1;
						DevelopmentTeam = BKZL537TDS;
						ProvisioningStyle = Automatic;
						TestTargetID = DA49BBF61E86D9A000C3D475;
					};
				};
			};
			buildConfigurationList = DA49BBF21E86D9A000C3D475 /* Build configuration list for PBXProject "Event App" */;
			compatibilityVersion = "Xcode 3.2";
			developmentRegion = English;
			hasScannedForEncodings = 0;
			knownRegions = (
				en,
				Base,
			);
			mainGroup = DA49BBEE1E86D9A000C3D475;
			productRefGroup = DA49BBF81E86D9A100C3D475 /* Products */;
			projectDirPath = "";
			projectRoot = "";
			targets = (
				DA49BBF61E86D9A000C3D475 /* Event App */,
				DA49BC0D1E86D9A100C3D475 /* Event AppTests */,
				DA49BC181E86D9A100C3D475 /* Event AppUITests */,
			);
		};
/* End PBXProject section */

/* Begin PBXResourcesBuildPhase section */
		DA49BBF51E86D9A000C3D475 /* Resources */ = {
			isa = PBXResourcesBuildPhase;
			buildActionMask = 2147483647;
			files = (
				DA49BC301E86EA9C00C3D475 /* CellView.xib in Resources */,
				DA49BC081E86D9A100C3D475 /* LaunchScreen.storyboard in Resources */,
				DA49BC051E86D9A100C3D475 /* Assets.xcassets in Resources */,
				DA49BC001E86D9A100C3D475 /* Main.storyboard in Resources */,
				DA2624B51E882956003C3FE9 /* first.png in Resources */,
			);
			runOnlyForDeploymentPostprocessing = 0;
		};
		DA49BC0C1E86D9A100C3D475 /* Resources */ = {
			isa = PBXResourcesBuildPhase;
			buildActionMask = 2147483647;
			files = (
			);
			runOnlyForDeploymentPostprocessing = 0;
		};
		DA49BC171E86D9A100C3D475 /* Resources */ = {
			isa = PBXResourcesBuildPhase;
			buildActionMask = 2147483647;
			files = (
			);
			runOnlyForDeploymentPostprocessing = 0;
		};
/* End PBXResourcesBuildPhase section */

/* Begin PBXShellScriptBuildPhase section */
		0891228A2D284C25B7C229B7 /* [CP] Embed Pods Frameworks */ = {
			isa = PBXShellScriptBuildPhase;
			buildActionMask = 2147483647;
			files = (
			);
			inputPaths = (
			);
			name = "[CP] Embed Pods Frameworks";
			outputPaths = (
			);
			runOnlyForDeploymentPostprocessing = 0;
			shellPath = /bin/sh;
			shellScript = "\"${SRCROOT}/Pods/Target Support Files/Pods-Event App/Pods-Event App-frameworks.sh\"\n";
			showEnvVarsInLog = 0;
		};
		356DB170CAB905233BD819CA /* [CP] Copy Pods Resources */ = {
			isa = PBXShellScriptBuildPhase;
			buildActionMask = 2147483647;
			files = (
			);
			inputPaths = (
			);
			name = "[CP] Copy Pods Resources";
			outputPaths = (
			);
			runOnlyForDeploymentPostprocessing = 0;
			shellPath = /bin/sh;
			shellScript = "\"${SRCROOT}/Pods/Target Support Files/Pods-Event App/Pods-Event App-resources.sh\"\n";
			showEnvVarsInLog = 0;
		};
		85E0102785351F9A80C34282 /* [CP] Check Pods Manifest.lock */ = {
			isa = PBXShellScriptBuildPhase;
			buildActionMask = 2147483647;
			files = (
			);
			inputPaths = (
			);
			name = "[CP] Check Pods Manifest.lock";
			outputPaths = (
			);
			runOnlyForDeploymentPostprocessing = 0;
			shellPath = /bin/sh;
			shellScript = "diff \"${PODS_ROOT}/../Podfile.lock\" \"${PODS_ROOT}/Manifest.lock\" > /dev/null\nif [ $? != 0 ] ; then\n    # print error to STDERR\n    echo \"error: The sandbox is not in sync with the Podfile.lock. Run 'pod install' or update your CocoaPods installation.\" >&2\n    exit 1\nfi\n";
			showEnvVarsInLog = 0;
		};
/* End PBXShellScriptBuildPhase section */

/* Begin PBXSourcesBuildPhase section */
		DA49BBF31E86D9A000C3D475 /* Sources */ = {
			isa = PBXSourcesBuildPhase;
			buildActionMask = 2147483647;
			files = (
				DA26249D1E871C4B003C3FE9 /* FSCalendarHeaderView.m in Sources */,
				DA26249F1E871C4B003C3FE9 /* FSCalendarStickyHeader.m in Sources */,
				DA2624A21E871C4B003C3FE9 /* FSCalendarCalculator.m in Sources */,
				DA2624B71E8835EC003C3FE9 /* Variables.swift in Sources */,
				DA2624A41E871C4B003C3FE9 /* FSCalendarDelegationFactory.m in Sources */,
				DA49BC341E86EC5000C3D475 /* CalendarViewController.swift in Sources */,
				DA49BBFD1E86D9A100C3D475 /* ViewController.swift in Sources */,
				DA2624981E871C4B003C3FE9 /* FSCalendar.m in Sources */,
				DA2624991E871C4B003C3FE9 /* FSCalendarAppearance.m in Sources */,
				DA2624A31E871C4B003C3FE9 /* FSCalendarConstants.m in Sources */,
				DA26249A1E871C4B003C3FE9 /* FSCalendarCell.m in Sources */,
				DA2624A11E871C4B003C3FE9 /* FSCalendarTransitionCoordinator.m in Sources */,
				DA2624751E871AAC003C3FE9 /* FSCalendarViewController.swift in Sources */,
				DA26249C1E871C4B003C3FE9 /* FSCalendarCollectionViewLayout.m in Sources */,
				DA2624A71E871C4B003C3FE9 /* FSCalendar+Deprecated.m in Sources */,
				DA26249B1E871C4B003C3FE9 /* FSCalendarCollectionView.m in Sources */,
				DA2624A01E871C4B003C3FE9 /* FSCalendarWeekdayView.m in Sources */,
				DA2624A51E871C4B003C3FE9 /* FSCalendarDelegationProxy.m in Sources */,
				DA2624A61E871C4B003C3FE9 /* FSCalendarExtensions.m in Sources */,
				DA26249E1E871C4B003C3FE9 /* FSCalendarScopeHandle.m in Sources */,
				DA49BC321E86EB6500C3D475 /* CellView.swift in Sources */,
				DA49BC2C1E86D9D800C3D475 /* AddEventViewController.swift in Sources */,
				DA49BC031E86D9A100C3D475 /* Event_App.xcdatamodeld in Sources */,
				DA49BBFB1E86D9A100C3D475 /* AppDelegate.swift in Sources */,
			);
			runOnlyForDeploymentPostprocessing = 0;
		};
		DA49BC0A1E86D9A100C3D475 /* Sources */ = {
			isa = PBXSourcesBuildPhase;
			buildActionMask = 2147483647;
			files = (
				DA49BC131E86D9A100C3D475 /* Event_AppTests.swift in Sources */,
			);
			runOnlyForDeploymentPostprocessing = 0;
		};
		DA49BC151E86D9A100C3D475 /* Sources */ = {
			isa = PBXSourcesBuildPhase;
			buildActionMask = 2147483647;
			files = (
				DA49BC1E1E86D9A100C3D475 /* Event_AppUITests.swift in Sources */,
			);
			runOnlyForDeploymentPostprocessing = 0;
		};
/* End PBXSourcesBuildPhase section */

/* Begin PBXTargetDependency section */
		DA49BC101E86D9A100C3D475 /* PBXTargetDependency */ = {
			isa = PBXTargetDependency;
			target = DA49BBF61E86D9A000C3D475 /* Event App */;
			targetProxy = DA49BC0F1E86D9A100C3D475 /* PBXContainerItemProxy */;
		};
		DA49BC1B1E86D9A100C3D475 /* PBXTargetDependency */ = {
			isa = PBXTargetDependency;
			target = DA49BBF61E86D9A000C3D475 /* Event App */;
			targetProxy = DA49BC1A1E86D9A100C3D475 /* PBXContainerItemProxy */;
		};
/* End PBXTargetDependency section */

/* Begin PBXVariantGroup section */
		DA49BBFE1E86D9A100C3D475 /* Main.storyboard */ = {
			isa = PBXVariantGroup;
			children = (
				DA49BBFF1E86D9A100C3D475 /* Base */,
			);
			name = Main.storyboard;
			sourceTree = "<group>";
		};
		DA49BC061E86D9A100C3D475 /* LaunchScreen.storyboard */ = {
			isa = PBXVariantGroup;
			children = (
				DA49BC071E86D9A100C3D475 /* Base */,
			);
			name = LaunchScreen.storyboard;
			sourceTree = "<group>";
		};
/* End PBXVariantGroup section */

/* Begin XCBuildConfiguration section */
		DA49BC201E86D9A100C3D475 /* Debug */ = {
			isa = XCBuildConfiguration;
			buildSettings = {
				ALWAYS_SEARCH_USER_PATHS = NO;
				CLANG_ANALYZER_NONNULL = YES;
				CLANG_CXX_LANGUAGE_STANDARD = "gnu++0x";
				CLANG_CXX_LIBRARY = "libc++";
				CLANG_ENABLE_MODULES = YES;
				CLANG_ENABLE_OBJC_ARC = YES;
				CLANG_WARN_BOOL_CONVERSION = YES;
				CLANG_WARN_CONSTANT_CONVERSION = YES;
				CLANG_WARN_DIRECT_OBJC_ISA_USAGE = YES_ERROR;
				CLANG_WARN_DOCUMENTATION_COMMENTS = YES;
				CLANG_WARN_EMPTY_BODY = YES;
				CLANG_WARN_ENUM_CONVERSION = YES;
				CLANG_WARN_INFINITE_RECURSION = YES;
				CLANG_WARN_INT_CONVERSION = YES;
				CLANG_WARN_OBJC_ROOT_CLASS = YES_ERROR;
				CLANG_WARN_SUSPICIOUS_MOVE = YES;
				CLANG_WARN_UNREACHABLE_CODE = YES;
				CLANG_WARN__DUPLICATE_METHOD_MATCH = YES;
				"CODE_SIGN_IDENTITY[sdk=iphoneos*]" = "iPhone Developer";
				COPY_PHASE_STRIP = NO;
				DEBUG_INFORMATION_FORMAT = dwarf;
				ENABLE_STRICT_OBJC_MSGSEND = YES;
				ENABLE_TESTABILITY = YES;
				GCC_C_LANGUAGE_STANDARD = gnu99;
				GCC_DYNAMIC_NO_PIC = NO;
				GCC_NO_COMMON_BLOCKS = YES;
				GCC_OPTIMIZATION_LEVEL = 0;
				GCC_PREPROCESSOR_DEFINITIONS = (
					"DEBUG=1",
					"$(inherited)",
				);
				GCC_WARN_64_TO_32_BIT_CONVERSION = YES;
				GCC_WARN_ABOUT_RETURN_TYPE = YES_ERROR;
				GCC_WARN_UNDECLARED_SELECTOR = YES;
				GCC_WARN_UNINITIALIZED_AUTOS = YES_AGGRESSIVE;
				GCC_WARN_UNUSED_FUNCTION = YES;
				GCC_WARN_UNUSED_VARIABLE = YES;
				IPHONEOS_DEPLOYMENT_TARGET = 10.2;
				MTL_ENABLE_DEBUG_INFO = YES;
				ONLY_ACTIVE_ARCH = YES;
				SDKROOT = iphoneos;
				SWIFT_ACTIVE_COMPILATION_CONDITIONS = DEBUG;
				SWIFT_OPTIMIZATION_LEVEL = "-Onone";
				TARGETED_DEVICE_FAMILY = "1,2";
			};
			name = Debug;
		};
		DA49BC211E86D9A100C3D475 /* Release */ = {
			isa = XCBuildConfiguration;
			buildSettings = {
				ALWAYS_SEARCH_USER_PATHS = NO;
				CLANG_ANALYZER_NONNULL = YES;
				CLANG_CXX_LANGUAGE_STANDARD = "gnu++0x";
				CLANG_CXX_LIBRARY = "libc++";
				CLANG_ENABLE_MODULES = YES;
				CLANG_ENABLE_OBJC_ARC = YES;
				CLANG_WARN_BOOL_CONVERSION = YES;
				CLANG_WARN_CONSTANT_CONVERSION = YES;
				CLANG_WARN_DIRECT_OBJC_ISA_USAGE = YES_ERROR;
				CLANG_WARN_DOCUMENTATION_COMMENTS = YES;
				CLANG_WARN_EMPTY_BODY = YES;
				CLANG_WARN_ENUM_CONVERSION = YES;
				CLANG_WARN_INFINITE_RECURSION = YES;
				CLANG_WARN_INT_CONVERSION = YES;
				CLANG_WARN_OBJC_ROOT_CLASS = YES_ERROR;
				CLANG_WARN_SUSPICIOUS_MOVE = YES;
				CLANG_WARN_UNREACHABLE_CODE = YES;
				CLANG_WARN__DUPLICATE_METHOD_MATCH = YES;
				"CODE_SIGN_IDENTITY[sdk=iphoneos*]" = "iPhone Developer";
				COPY_PHASE_STRIP = NO;
				DEBUG_INFORMATION_FORMAT = "dwarf-with-dsym";
				ENABLE_NS_ASSERTIONS = NO;
				ENABLE_STRICT_OBJC_MSGSEND = YES;
				GCC_C_LANGUAGE_STANDARD = gnu99;
				GCC_NO_COMMON_BLOCKS = YES;
				GCC_WARN_64_TO_32_BIT_CONVERSION = YES;
				GCC_WARN_ABOUT_RETURN_TYPE = YES_ERROR;
				GCC_WARN_UNDECLARED_SELECTOR = YES;
				GCC_WARN_UNINITIALIZED_AUTOS = YES_AGGRESSIVE;
				GCC_WARN_UNUSED_FUNCTION = YES;
				GCC_WARN_UNUSED_VARIABLE = YES;
				IPHONEOS_DEPLOYMENT_TARGET = 10.2;
				MTL_ENABLE_DEBUG_INFO = NO;
				SDKROOT = iphoneos;
				SWIFT_OPTIMIZATION_LEVEL = "-Owholemodule";
				TARGETED_DEVICE_FAMILY = "1,2";
				VALIDATE_PRODUCT = YES;
			};
			name = Release;
		};
		DA49BC231E86D9A100C3D475 /* Debug */ = {
			isa = XCBuildConfiguration;
			baseConfigurationReference = 78F08941E0369BB090FDFAF5 /* Pods-Event App.debug.xcconfig */;
			buildSettings = {
				ALWAYS_EMBED_SWIFT_STANDARD_LIBRARIES = YES;
				ASSETCATALOG_COMPILER_APPICON_NAME = AppIcon;
				DEVELOPMENT_TEAM = RMJRBRADWG;
				INFOPLIST_FILE = "Event App/Info.plist";
				LD_RUNPATH_SEARCH_PATHS = "$(inherited) @executable_path/Frameworks";
				PRODUCT_BUNDLE_IDENTIFIER = "com.harloch.Event-App";
				PRODUCT_NAME = "$(TARGET_NAME)";
				SWIFT_OBJC_BRIDGING_HEADER = "/Users/dustin/Desktop/Project & Client Apps/Event App/Bridging-Header.h";
				SWIFT_VERSION = 3.0;
			};
			name = Debug;
		};
		DA49BC241E86D9A100C3D475 /* Release */ = {
			isa = XCBuildConfiguration;
			baseConfigurationReference = E4C65D76C350A9D00DCC0A5B /* Pods-Event App.release.xcconfig */;
			buildSettings = {
				ALWAYS_EMBED_SWIFT_STANDARD_LIBRARIES = YES;
				ASSETCATALOG_COMPILER_APPICON_NAME = AppIcon;
				DEVELOPMENT_TEAM = RMJRBRADWG;
				INFOPLIST_FILE = "Event App/Info.plist";
				LD_RUNPATH_SEARCH_PATHS = "$(inherited) @executable_path/Frameworks";
				PRODUCT_BUNDLE_IDENTIFIER = "com.harloch.Event-App";
				PRODUCT_NAME = "$(TARGET_NAME)";
				SWIFT_OBJC_BRIDGING_HEADER = "/Users/dustin/Desktop/Project & Client Apps/Event App/Bridging-Header.h";
				SWIFT_VERSION = 3.0;
			};
			name = Release;
		};
		DA49BC261E86D9A100C3D475 /* Debug */ = {
			isa = XCBuildConfiguration;
			buildSettings = {
				ALWAYS_EMBED_SWIFT_STANDARD_LIBRARIES = YES;
				BUNDLE_LOADER = "$(TEST_HOST)";
				DEVELOPMENT_TEAM = BKZL537TDS;
				INFOPLIST_FILE = "Event AppTests/Info.plist";
				LD_RUNPATH_SEARCH_PATHS = "$(inherited) @executable_path/Frameworks @loader_path/Frameworks";
				PRODUCT_BUNDLE_IDENTIFIER = "com.harloch.Event-AppTests";
				PRODUCT_NAME = "$(TARGET_NAME)";
				SWIFT_VERSION = 3.0;
				TEST_HOST = "$(BUILT_PRODUCTS_DIR)/Event App.app/Event App";
			};
			name = Debug;
		};
		DA49BC271E86D9A100C3D475 /* Release */ = {
			isa = XCBuildConfiguration;
			buildSettings = {
				ALWAYS_EMBED_SWIFT_STANDARD_LIBRARIES = YES;
				BUNDLE_LOADER = "$(TEST_HOST)";
				DEVELOPMENT_TEAM = BKZL537TDS;
				INFOPLIST_FILE = "Event AppTests/Info.plist";
				LD_RUNPATH_SEARCH_PATHS = "$(inherited) @executable_path/Frameworks @loader_path/Frameworks";
				PRODUCT_BUNDLE_IDENTIFIER = "com.harloch.Event-AppTests";
				PRODUCT_NAME = "$(TARGET_NAME)";
				SWIFT_VERSION = 3.0;
				TEST_HOST = "$(BUILT_PRODUCTS_DIR)/Event App.app/Event App";
			};
			name = Release;
		};
		DA49BC291E86D9A100C3D475 /* Debug */ = {
			isa = XCBuildConfiguration;
			buildSettings = {
				ALWAYS_EMBED_SWIFT_STANDARD_LIBRARIES = YES;
				DEVELOPMENT_TEAM = BKZL537TDS;
				INFOPLIST_FILE = "Event AppUITests/Info.plist";
				LD_RUNPATH_SEARCH_PATHS = "$(inherited) @executable_path/Frameworks @loader_path/Frameworks";
				PRODUCT_BUNDLE_IDENTIFIER = "com.harloch.Event-AppUITests";
				PRODUCT_NAME = "$(TARGET_NAME)";
				SWIFT_VERSION = 3.0;
				TEST_TARGET_NAME = "Event App";
			};
			name = Debug;
		};
		DA49BC2A1E86D9A100C3D475 /* Release */ = {
			isa = XCBuildConfiguration;
			buildSettings = {
				ALWAYS_EMBED_SWIFT_STANDARD_LIBRARIES = YES;
				DEVELOPMENT_TEAM = BKZL537TDS;
				INFOPLIST_FILE = "Event AppUITests/Info.plist";
				LD_RUNPATH_SEARCH_PATHS = "$(inherited) @executable_path/Frameworks @loader_path/Frameworks";
				PRODUCT_BUNDLE_IDENTIFIER = "com.harloch.Event-AppUITests";
				PRODUCT_NAME = "$(TARGET_NAME)";
				SWIFT_VERSION = 3.0;
				TEST_TARGET_NAME = "Event App";
			};
			name = Release;
		};
/* End XCBuildConfiguration section */

/* Begin XCConfigurationList section */
		DA49BBF21E86D9A000C3D475 /* Build configuration list for PBXProject "Event App" */ = {
			isa = XCConfigurationList;
			buildConfigurations = (
				DA49BC201E86D9A100C3D475 /* Debug */,
				DA49BC211E86D9A100C3D475 /* Release */,
			);
			defaultConfigurationIsVisible = 0;
			defaultConfigurationName = Release;
		};
		DA49BC221E86D9A100C3D475 /* Build configuration list for PBXNativeTarget "Event App" */ = {
			isa = XCConfigurationList;
			buildConfigurations = (
				DA49BC231E86D9A100C3D475 /* Debug */,
				DA49BC241E86D9A100C3D475 /* Release */,
			);
			defaultConfigurationIsVisible = 0;
			defaultConfigurationName = Release;
		};
		DA49BC251E86D9A100C3D475 /* Build configuration list for PBXNativeTarget "Event AppTests" */ = {
			isa = XCConfigurationList;
			buildConfigurations = (
				DA49BC261E86D9A100C3D475 /* Debug */,
				DA49BC271E86D9A100C3D475 /* Release */,
			);
			defaultConfigurationIsVisible = 0;
			defaultConfigurationName = Release;
		};
		DA49BC281E86D9A100C3D475 /* Build configuration list for PBXNativeTarget "Event AppUITests" */ = {
			isa = XCConfigurationList;
			buildConfigurations = (
				DA49BC291E86D9A100C3D475 /* Debug */,
				DA49BC2A1E86D9A100C3D475 /* Release */,
			);
			defaultConfigurationIsVisible = 0;
			defaultConfigurationName = Release;
		};
/* End XCConfigurationList section */

/* Begin XCVersionGroup section */
		DA49BC011E86D9A100C3D475 /* Event_App.xcdatamodeld */ = {
			isa = XCVersionGroup;
			children = (
				DA49BC021E86D9A100C3D475 /* Event_App.xcdatamodel */,
			);
			currentVersion = DA49BC021E86D9A100C3D475 /* Event_App.xcdatamodel */;
			path = Event_App.xcdatamodeld;
			sourceTree = "<group>";
			versionGroupType = wrapper.xcdatamodel;
		};
/* End XCVersionGroup section */
	};
	rootObject = DA49BBEF1E86D9A000C3D475 /* Project object */;
}
