PODS:
  - FSCalendar (2.7.4)
  - JTAppleCalendar (6.1.5)

DEPENDENCIES:
  - FSCalendar
  - JTAppleCalendar (~> 6.1)

SPEC CHECKSUMS:
  FSCalendar: e95995a746acae531c4a7dd636b8393233125ec5
  JTAppleCalendar: 7fe18d6b7c26b8095f714ff089d4c0cbd9d6a632

PODFILE CHECKSUM: 3536174b7e20698d5b3787dd0797b587c0a57255

COCOAPODS: 1.1.1
